// !$*UTF8*$!
{
	archiveVersion = 1;
	classes = {
	};
	objectVersion = 56;
	objects = {

/* Begin PBXBuildFile section */
		4383C8C229029F1300BEEBB7 /* AppDelegate.swift in Sources */ = {isa = PBXBuildFile; fileRef = 4383C8C129029F1300BEEBB7 /* AppDelegate.swift */; };
		4383C8C429029F1300BEEBB7 /* SceneDelegate.swift in Sources */ = {isa = PBXBuildFile; fileRef = 4383C8C329029F1300BEEBB7 /* SceneDelegate.swift */; };
		4383C8CB29029F1400BEEBB7 /* Assets.xcassets in Resources */ = {isa = PBXBuildFile; fileRef = 4383C8CA29029F1400BEEBB7 /* Assets.xcassets */; };
		4383C8CE29029F1400BEEBB7 /* LaunchScreen.storyboard in Resources */ = {isa = PBXBuildFile; fileRef = 4383C8CC29029F1400BEEBB7 /* LaunchScreen.storyboard */; };
		4383C8D729029FD200BEEBB7 /* TableViewController.swift in Sources */ = {isa = PBXBuildFile; fileRef = 4383C8D629029FD200BEEBB7 /* TableViewController.swift */; };
		4383C8DA2902A8AF00BEEBB7 /* NBATeam.swift in Sources */ = {isa = PBXBuildFile; fileRef = 4383C8D92902A8AF00BEEBB7 /* NBATeam.swift */; };
		4383C8DC2902CEA700BEEBB7 /* NBAPlayer.swift in Sources */ = {isa = PBXBuildFile; fileRef = 4383C8DB2902CEA700BEEBB7 /* NBAPlayer.swift */; };
		4383C8E729032BCA00BEEBB7 /* TableViewCell.swift in Sources */ = {isa = PBXBuildFile; fileRef = 4383C8E629032BCA00BEEBB7 /* TableViewCell.swift */; };
/* End PBXBuildFile section */

/* Begin PBXFileReference section */
		4383C8BE29029F1300BEEBB7 /* homework6.app */ = {isa = PBXFileReference; explicitFileType = wrapper.application; includeInIndex = 0; path = homework6.app; sourceTree = BUILT_PRODUCTS_DIR; };
		4383C8C129029F1300BEEBB7 /* AppDelegate.swift */ = {isa = PBXFileReference; lastKnownFileType = sourcecode.swift; path = AppDelegate.swift; sourceTree = "<group>"; };
		4383C8C329029F1300BEEBB7 /* SceneDelegate.swift */ = {isa = PBXFileReference; lastKnownFileType = sourcecode.swift; path = SceneDelegate.swift; sourceTree = "<group>"; };
		4383C8CA29029F1400BEEBB7 /* Assets.xcassets */ = {isa = PBXFileReference; lastKnownFileType = folder.assetcatalog; path = Assets.xcassets; sourceTree = "<group>"; };
		4383C8CD29029F1400BEEBB7 /* Base */ = {isa = PBXFileReference; lastKnownFileType = file.storyboard; name = Base; path = Base.lproj/LaunchScreen.storyboard; sourceTree = "<group>"; };
		4383C8CF29029F1400BEEBB7 /* Info.plist */ = {isa = PBXFileReference; lastKnownFileType = text.plist.xml; path = Info.plist; sourceTree = "<group>"; };
		4383C8D629029FD200BEEBB7 /* TableViewController.swift */ = {isa = PBXFileReference; lastKnownFileType = sourcecode.swift; path = TableViewController.swift; sourceTree = "<group>"; };
		4383C8D92902A8AF00BEEBB7 /* NBATeam.swift */ = {isa = PBXFileReference; lastKnownFileType = sourcecode.swift; path = NBATeam.swift; sourceTree = "<group>"; };
		4383C8DB2902CEA700BEEBB7 /* NBAPlayer.swift */ = {isa = PBXFileReference; lastKnownFileType = sourcecode.swift; path = NBAPlayer.swift; sourceTree = "<group>"; };
		4383C8E629032BCA00BEEBB7 /* TableViewCell.swift */ = {isa = PBXFileReference; lastKnownFileType = sourcecode.swift; path = TableViewCell.swift; sourceTree = "<group>"; };
/* End PBXFileReference section */

/* Begin PBXFrameworksBuildPhase section */
		4383C8BB29029F1300BEEBB7 /* Frameworks */ = {
			isa = PBXFrameworksBuildPhase;
			buildActionMask = 2147483647;
			files = (
			);
			runOnlyForDeploymentPostprocessing = 0;
		};
/* End PBXFrameworksBuildPhase section */

/* Begin PBXGroup section */
		4383C8B529029F1300BEEBB7 = {
			isa = PBXGroup;
			children = (
				4383C8C029029F1300BEEBB7 /* homework6 */,
				4383C8BF29029F1300BEEBB7 /* Products */,
			);
			sourceTree = "<group>";
		};
		4383C8BF29029F1300BEEBB7 /* Products */ = {
			isa = PBXGroup;
			children = (
				4383C8BE29029F1300BEEBB7 /* homework6.app */,
			);
			name = Products;
			sourceTree = "<group>";
		};
		4383C8C029029F1300BEEBB7 /* homework6 */ = {
			isa = PBXGroup;
			children = (
				4383C8D82902A88D00BEEBB7 /* Models */,
				4383C8D529029FAB00BEEBB7 /* ViewControllers */,
				4383C8C129029F1300BEEBB7 /* AppDelegate.swift */,
				4383C8C329029F1300BEEBB7 /* SceneDelegate.swift */,
				4383C8CA29029F1400BEEBB7 /* Assets.xcassets */,
				4383C8CC29029F1400BEEBB7 /* LaunchScreen.storyboard */,
				4383C8CF29029F1400BEEBB7 /* Info.plist */,
			);
			path = homework6;
			sourceTree = "<group>";
		};
		4383C8D529029FAB00BEEBB7 /* ViewControllers */ = {
			isa = PBXGroup;
			children = (
				4383C8D629029FD200BEEBB7 /* TableViewController.swift */,
				4383C8E629032BCA00BEEBB7 /* TableViewCell.swift */,
			);
			path = ViewControllers;
			sourceTree = "<group>";
		};
		4383C8D82902A88D00BEEBB7 /* Models */ = {
			isa = PBXGroup;
			children = (
				4383C8D92902A8AF00BEEBB7 /* NBATeam.swift */,
				4383C8DB2902CEA700BEEBB7 /* NBAPlayer.swift */,
			);
			path = Models;
			sourceTree = "<group>";
		};
/* End PBXGroup section */

/* Begin PBXNativeTarget section */
		4383C8BD29029F1300BEEBB7 /* homework6 */ = {
			isa = PBXNativeTarget;
			buildConfigurationList = 4383C8D229029F1400BEEBB7 /* Build configuration list for PBXNativeTarget "homework6" */;
			buildPhases = (
				4383C8BA29029F1300BEEBB7 /* Sources */,
				4383C8BB29029F1300BEEBB7 /* Frameworks */,
				4383C8BC29029F1300BEEBB7 /* Resources */,
			);
			buildRules = (
			);
			dependencies = (
			);
			name = homework6;
			productName = homework6;
			productReference = 4383C8BE29029F1300BEEBB7 /* homework6.app */;
			productType = "com.apple.product-type.application";
		};
/* End PBXNativeTarget section */

/* Begin PBXProject section */
		4383C8B629029F1300BEEBB7 /* Project object */ = {
			isa = PBXProject;
			attributes = {
				BuildIndependentTargetsInParallel = 1;
				LastSwiftUpdateCheck = 1400;
				LastUpgradeCheck = 1400;
				TargetAttributes = {
					4383C8BD29029F1300BEEBB7 = {
						CreatedOnToolsVersion = 14.0;
					};
				};
			};
			buildConfigurationList = 4383C8B929029F1300BEEBB7 /* Build configuration list for PBXProject "homework6" */;
			compatibilityVersion = "Xcode 14.0";
			developmentRegion = en;
			hasScannedForEncodings = 0;
			knownRegions = (
				en,
				Base,
			);
			mainGroup = 4383C8B529029F1300BEEBB7;
			productRefGroup = 4383C8BF29029F1300BEEBB7 /* Products */;
			projectDirPath = "";
			projectRoot = "";
			targets = (
				4383C8BD29029F1300BEEBB7 /* homework6 */,
			);
		};
/* End PBXProject section */

/* Begin PBXResourcesBuildPhase section */
		4383C8BC29029F1300BEEBB7 /* Resources */ = {
			isa = PBXResourcesBuildPhase;
			buildActionMask = 2147483647;
			files = (
				4383C8CE29029F1400BEEBB7 /* LaunchScreen.storyboard in Resources */,
				4383C8CB29029F1400BEEBB7 /* Assets.xcassets in Resources */,
			);
			runOnlyForDeploymentPostprocessing = 0;
		};
/* End PBXResourcesBuildPhase section */

/* Begin PBXSourcesBuildPhase section */
		4383C8BA29029F1300BEEBB7 /* Sources */ = {
			isa = PBXSourcesBuildPhase;
			buildActionMask = 2147483647;
			files = (
				4383C8C229029F1300BEEBB7 /* AppDelegate.swift in Sources */,
				4383C8C429029F1300BEEBB7 /* SceneDelegate.swift in Sources */,
				4383C8DC2902CEA700BEEBB7 /* NBAPlayer.swift in Sources */,
				4383C8E729032BCA00BEEBB7 /* TableViewCell.swift in Sources */,
				4383C8D729029FD200BEEBB7 /* TableViewController.swift in Sources */,
				4383C8DA2902A8AF00BEEBB7 /* NBATeam.swift in Sources */,
			);
			runOnlyForDeploymentPostprocessing = 0;
		};
/* End PBXSourcesBuildPhase section */

/* Begin PBXVariantGroup section */
		4383C8CC29029F1400BEEBB7 /* LaunchScreen.storyboard */ = {
			isa = PBXVariantGroup;
			children = (
				4383C8CD29029F1400BEEBB7 /* Base */,
			);
			name = LaunchScreen.storyboard;
			sourceTree = "<group>";
		};
/* End PBXVariantGroup section */

/* Begin XCBuildConfiguration section */
		4383C8D029029F1400BEEBB7 /* Debug */ = {
			isa = XCBuildConfiguration;
			buildSettings = {
				ALWAYS_SEARCH_USER_PATHS = NO;
				CLANG_ANALYZER_NONNULL = YES;
				CLANG_ANALYZER_NUMBER_OBJECT_CONVERSION = YES_AGGRESSIVE;
				CLANG_CXX_LANGUAGE_STANDARD = "gnu++20";
				CLANG_ENABLE_MODULES = YES;
				CLANG_ENABLE_OBJC_ARC = YES;
				CLANG_ENABLE_OBJC_WEAK = YES;
				CLANG_WARN_BLOCK_CAPTURE_AUTORELEASING = YES;
				CLANG_WARN_BOOL_CONVERSION = YES;
				CLANG_WARN_COMMA = YES;
				CLANG_WARN_CONSTANT_CONVERSION = YES;
				CLANG_WARN_DEPRECATED_OBJC_IMPLEMENTATIONS = YES;
				CLANG_WARN_DIRECT_OBJC_ISA_USAGE = YES_ERROR;
				CLANG_WARN_DOCUMENTATION_COMMENTS = YES;
				CLANG_WARN_EMPTY_BODY = YES;
				CLANG_WARN_ENUM_CONVERSION = YES;
				CLANG_WARN_INFINITE_RECURSION = YES;
				CLANG_WARN_INT_CONVERSION = YES;
				CLANG_WARN_NON_LITERAL_NULL_CONVERSION = YES;
				CLANG_WARN_OBJC_IMPLICIT_RETAIN_SELF = YES;
				CLANG_WARN_OBJC_LITERAL_CONVERSION = YES;
				CLANG_WARN_OBJC_ROOT_CLASS = YES_ERROR;
				CLANG_WARN_QUOTED_INCLUDE_IN_FRAMEWORK_HEADER = YES;
				CLANG_WARN_RANGE_LOOP_ANALYSIS = YES;
				CLANG_WARN_STRICT_PROTOTYPES = YES;
				CLANG_WARN_SUSPICIOUS_MOVE = YES;
				CLANG_WARN_UNGUARDED_AVAILABILITY = YES_AGGRESSIVE;
				CLANG_WARN_UNREACHABLE_CODE = YES;
				CLANG_WARN__DUPLICATE_METHOD_MATCH = YES;
				COPY_PHASE_STRIP = NO;
				DEBUG_INFORMATION_FORMAT = dwarf;
				ENABLE_STRICT_OBJC_MSGSEND = YES;
				ENABLE_TESTABILITY = YES;
				GCC_C_LANGUAGE_STANDARD = gnu11;
				GCC_DYNAMIC_NO_PIC = NO;
				GCC_NO_COMMON_BLOCKS = YES;
				GCC_OPTIMIZATION_LEVEL = 0;
				GCC_PREPROCESSOR_DEFINITIONS = (
					"DEBUG=1",
					"$(inherited)",
				);
				GCC_WARN_64_TO_32_BIT_CONVERSION = YES;
				GCC_WARN_ABOUT_RETURN_TYPE = YES_ERROR;
				GCC_WARN_UNDECLARED_SELECTOR = YES;
				GCC_WARN_UNINITIALIZED_AUTOS = YES_AGGRESSIVE;
				GCC_WARN_UNUSED_FUNCTION = YES;
				GCC_WARN_UNUSED_VARIABLE = YES;
				IPHONEOS_DEPLOYMENT_TARGET = 16.0;
				MTL_ENABLE_DEBUG_INFO = INCLUDE_SOURCE;
				MTL_FAST_MATH = YES;
				ONLY_ACTIVE_ARCH = YES;
				SDKROOT = iphoneos;
				SWIFT_ACTIVE_COMPILATION_CONDITIONS = DEBUG;
				SWIFT_OPTIMIZATION_LEVEL = "-Onone";
			};
			name = Debug;
		};
		4383C8D129029F1400BEEBB7 /* Release */ = {
			isa = XCBuildConfiguration;
			buildSettings = {
				ALWAYS_SEARCH_USER_PATHS = NO;
				CLANG_ANALYZER_NONNULL = YES;
				CLANG_ANALYZER_NUMBER_OBJECT_CONVERSION = YES_AGGRESSIVE;
				CLANG_CXX_LANGUAGE_STANDARD = "gnu++20";
				CLANG_ENABLE_MODULES = YES;
				CLANG_ENABLE_OBJC_ARC = YES;
				CLANG_ENABLE_OBJC_WEAK = YES;
				CLANG_WARN_BLOCK_CAPTURE_AUTORELEASING = YES;
				CLANG_WARN_BOOL_CONVERSION = YES;
				CLANG_WARN_COMMA = YES;
				CLANG_WARN_CONSTANT_CONVERSION = YES;
				CLANG_WARN_DEPRECATED_OBJC_IMPLEMENTATIONS = YES;
				CLANG_WARN_DIRECT_OBJC_ISA_USAGE = YES_ERROR;
				CLANG_WARN_DOCUMENTATION_COMMENTS = YES;
				CLANG_WARN_EMPTY_BODY = YES;
				CLANG_WARN_ENUM_CONVERSION = YES;
				CLANG_WARN_INFINITE_RECURSION = YES;
				CLANG_WARN_INT_CONVERSION = YES;
				CLANG_WARN_NON_LITERAL_NULL_CONVERSION = YES;
				CLANG_WARN_OBJC_IMPLICIT_RETAIN_SELF = YES;
				CLANG_WARN_OBJC_LITERAL_CONVERSION = YES;
				CLANG_WARN_OBJC_ROOT_CLASS = YES_ERROR;
				CLANG_WARN_QUOTED_INCLUDE_IN_FRAMEWORK_HEADER = YES;
				CLANG_WARN_RANGE_LOOP_ANALYSIS = YES;
				CLANG_WARN_STRICT_PROTOTYPES = YES;
				CLANG_WARN_SUSPICIOUS_MOVE = YES;
				CLANG_WARN_UNGUARDED_AVAILABILITY = YES_AGGRESSIVE;
				CLANG_WARN_UNREACHABLE_CODE = YES;
				CLANG_WARN__DUPLICATE_METHOD_MATCH = YES;
				COPY_PHASE_STRIP = NO;
				DEBUG_INFORMATION_FORMAT = "dwarf-with-dsym";
				ENABLE_NS_ASSERTIONS = NO;
				ENABLE_STRICT_OBJC_MSGSEND = YES;
				GCC_C_LANGUAGE_STANDARD = gnu11;
				GCC_NO_COMMON_BLOCKS = YES;
				GCC_WARN_64_TO_32_BIT_CONVERSION = YES;
				GCC_WARN_ABOUT_RETURN_TYPE = YES_ERROR;
				GCC_WARN_UNDECLARED_SELECTOR = YES;
				GCC_WARN_UNINITIALIZED_AUTOS = YES_AGGRESSIVE;
				GCC_WARN_UNUSED_FUNCTION = YES;
				GCC_WARN_UNUSED_VARIABLE = YES;
				IPHONEOS_DEPLOYMENT_TARGET = 16.0;
				MTL_ENABLE_DEBUG_INFO = NO;
				MTL_FAST_MATH = YES;
				SDKROOT = iphoneos;
				SWIFT_COMPILATION_MODE = wholemodule;
				SWIFT_OPTIMIZATION_LEVEL = "-O";
				VALIDATE_PRODUCT = YES;
			};
			name = Release;
		};
		4383C8D329029F1400BEEBB7 /* Debug */ = {
			isa = XCBuildConfiguration;
			buildSettings = {
				ASSETCATALOG_COMPILER_APPICON_NAME = AppIcon;
				ASSETCATALOG_COMPILER_GLOBAL_ACCENT_COLOR_NAME = AccentColor;
				CODE_SIGN_STYLE = Automatic;
				CURRENT_PROJECT_VERSION = 1;
				DEVELOPMENT_TEAM = 72SVK4HY2X;
				GENERATE_INFOPLIST_FILE = YES;
				INFOPLIST_FILE = homework6/Info.plist;
				INFOPLIST_KEY_UIApplicationSupportsIndirectInputEvents = YES;
				INFOPLIST_KEY_UILaunchStoryboardName = LaunchScreen;
				INFOPLIST_KEY_UISupportedInterfaceOrientations_iPad = "UIInterfaceOrientationPortrait UIInterfaceOrientationPortraitUpsideDown UIInterfaceOrientationLandscapeLeft UIInterfaceOrientationLandscapeRight";
				INFOPLIST_KEY_UISupportedInterfaceOrientations_iPhone = "UIInterfaceOrientationPortrait UIInterfaceOrientationLandscapeLeft UIInterfaceOrientationLandscapeRight";
				LD_RUNPATH_SEARCH_PATHS = (
					"$(inherited)",
					"@executable_path/Frameworks",
				);
				MARKETING_VERSION = 1.0;
				PRODUCT_BUNDLE_IDENTIFIER = com.zedsfeat.homework6;
				PRODUCT_NAME = "$(TARGET_NAME)";
				SWIFT_EMIT_LOC_STRINGS = YES;
				SWIFT_VERSION = 5.0;
				TARGETED_DEVICE_FAMILY = "1,2";
			};
			name = Debug;
		};
		4383C8D429029F1400BEEBB7 /* Release */ = {
			isa = XCBuildConfiguration;
			buildSettings = {
				ASSETCATALOG_COMPILER_APPICON_NAME = AppIcon;
				ASSETCATALOG_COMPILER_GLOBAL_ACCENT_COLOR_NAME = AccentColor;
				CODE_SIGN_STYLE = Automatic;
				CURRENT_PROJECT_VERSION = 1;
				DEVELOPMENT_TEAM = 72SVK4HY2X;
				GENERATE_INFOPLIST_FILE = YES;
				INFOPLIST_FILE = homework6/Info.plist;
				INFOPLIST_KEY_UIApplicationSupportsIndirectInputEvents = YES;
				INFOPLIST_KEY_UILaunchStoryboardName = LaunchScreen;
				INFOPLIST_KEY_UISupportedInterfaceOrientations_iPad = "UIInterfaceOrientationPortrait UIInterfaceOrientationPortraitUpsideDown UIInterfaceOrientationLandscapeLeft UIInterfaceOrientationLandscapeRight";
				INFOPLIST_KEY_UISupportedInterfaceOrientations_iPhone = "UIInterfaceOrientationPortrait UIInterfaceOrientationLandscapeLeft UIInterfaceOrientationLandscapeRight";
				LD_RUNPATH_SEARCH_PATHS = (
					"$(inherited)",
					"@executable_path/Frameworks",
				);
				MARKETING_VERSION = 1.0;
				PRODUCT_BUNDLE_IDENTIFIER = com.zedsfeat.homework6;
				PRODUCT_NAME = "$(TARGET_NAME)";
				SWIFT_EMIT_LOC_STRINGS = YES;
				SWIFT_VERSION = 5.0;
				TARGETED_DEVICE_FAMILY = "1,2";
			};
			name = Release;
		};
/* End XCBuildConfiguration section */

/* Begin XCConfigurationList section */
		4383C8B929029F1300BEEBB7 /* Build configuration list for PBXProject "homework6" */ = {
			isa = XCConfigurationList;
			buildConfigurations = (
				4383C8D029029F1400BEEBB7 /* Debug */,
				4383C8D129029F1400BEEBB7 /* Release */,
			);
			defaultConfigurationIsVisible = 0;
			defaultConfigurationName = Release;
		};
		4383C8D229029F1400BEEBB7 /* Build configuration list for PBXNativeTarget "homework6" */ = {
			isa = XCConfigurationList;
			buildConfigurations = (
				4383C8D329029F1400BEEBB7 /* Debug */,
				4383C8D429029F1400BEEBB7 /* Release */,
			);
			defaultConfigurationIsVisible = 0;
			defaultConfigurationName = Release;
		};
/* End XCConfigurationList section */
	};
	rootObject = 4383C8B629029F1300BEEBB7 /* Project object */;
}
